// !$*UTF8*$!
{
	archiveVersion = 1;
	classes = {
	};
	objectVersion = 56;
	objects = {

/* Begin PBXBuildFile section */
		6618B0BC2D3F1B9D00AA7C47 /* Nooro_Weather_AppApp.swift in Sources */ = {isa = PBXBuildFile; fileRef = 6618B0BB2D3F1B9D00AA7C47 /* Nooro_Weather_AppApp.swift */; };
		6618B0BE2D3F1B9D00AA7C47 /* HomeView.swift in Sources */ = {isa = PBXBuildFile; fileRef = 6618B0BD2D3F1B9D00AA7C47 /* HomeView.swift */; };
		6618B0C02D3F1BA400AA7C47 /* Assets.xcassets in Resources */ = {isa = PBXBuildFile; fileRef = 6618B0BF2D3F1BA400AA7C47 /* Assets.xcassets */; };
		6618B0C32D3F1BA400AA7C47 /* Preview Assets.xcassets in Resources */ = {isa = PBXBuildFile; fileRef = 6618B0C22D3F1BA400AA7C47 /* Preview Assets.xcassets */; };
		6618B0CA2D3F57D200AA7C47 /* Constants.swift in Sources */ = {isa = PBXBuildFile; fileRef = 6618B0C92D3F57D200AA7C47 /* Constants.swift */; };
		6618B0CC2D3F591E00AA7C47 /* APIService.swift in Sources */ = {isa = PBXBuildFile; fileRef = 6618B0CB2D3F591E00AA7C47 /* APIService.swift */; };
		6618B0CE2D3F5F2700AA7C47 /* CityDto.swift in Sources */ = {isa = PBXBuildFile; fileRef = 6618B0CD2D3F5F2700AA7C47 /* CityDto.swift */; };
		6618B0D02D3FFA9500AA7C47 /* CitySearchResultView.swift in Sources */ = {isa = PBXBuildFile; fileRef = 6618B0CF2D3FFA9500AA7C47 /* CitySearchResultView.swift */; };
		6618B0D22D40279600AA7C47 /* CityDetailsDto.swift in Sources */ = {isa = PBXBuildFile; fileRef = 6618B0D12D40279600AA7C47 /* CityDetailsDto.swift */; };
		6618B0D42D40C26700AA7C47 /* SelectedCityDetailView.swift in Sources */ = {isa = PBXBuildFile; fileRef = 6618B0D32D40C26700AA7C47 /* SelectedCityDetailView.swift */; };
		6618B0D92D40C35600AA7C47 /* HomeViewModel.swift in Sources */ = {isa = PBXBuildFile; fileRef = 6618B0D82D40C35600AA7C47 /* HomeViewModel.swift */; };
		6618B0DB2D40C41700AA7C47 /* UserConfigs.swift in Sources */ = {isa = PBXBuildFile; fileRef = 6618B0DA2D40C41700AA7C47 /* UserConfigs.swift */; };
/* End PBXBuildFile section */

/* Begin PBXFileReference section */
		6618B0B82D3F1B9D00AA7C47 /* Nooro Weather App.app */ = {isa = PBXFileReference; explicitFileType = wrapper.application; includeInIndex = 0; path = "Nooro Weather App.app"; sourceTree = BUILT_PRODUCTS_DIR; };
		6618B0BB2D3F1B9D00AA7C47 /* Nooro_Weather_AppApp.swift */ = {isa = PBXFileReference; lastKnownFileType = sourcecode.swift; path = Nooro_Weather_AppApp.swift; sourceTree = "<group>"; };
		6618B0BD2D3F1B9D00AA7C47 /* HomeView.swift */ = {isa = PBXFileReference; lastKnownFileType = sourcecode.swift; path = HomeView.swift; sourceTree = "<group>"; };
		6618B0BF2D3F1BA400AA7C47 /* Assets.xcassets */ = {isa = PBXFileReference; lastKnownFileType = folder.assetcatalog; path = Assets.xcassets; sourceTree = "<group>"; };
		6618B0C22D3F1BA400AA7C47 /* Preview Assets.xcassets */ = {isa = PBXFileReference; lastKnownFileType = folder.assetcatalog; path = "Preview Assets.xcassets"; sourceTree = "<group>"; };
		6618B0C92D3F57D200AA7C47 /* Constants.swift */ = {isa = PBXFileReference; lastKnownFileType = sourcecode.swift; path = Constants.swift; sourceTree = "<group>"; };
		6618B0CB2D3F591E00AA7C47 /* APIService.swift */ = {isa = PBXFileReference; lastKnownFileType = sourcecode.swift; path = APIService.swift; sourceTree = "<group>"; };
		6618B0CD2D3F5F2700AA7C47 /* CityDto.swift */ = {isa = PBXFileReference; lastKnownFileType = sourcecode.swift; path = CityDto.swift; sourceTree = "<group>"; };
		6618B0CF2D3FFA9500AA7C47 /* CitySearchResultView.swift */ = {isa = PBXFileReference; lastKnownFileType = sourcecode.swift; path = CitySearchResultView.swift; sourceTree = "<group>"; };
		6618B0D12D40279600AA7C47 /* CityDetailsDto.swift */ = {isa = PBXFileReference; lastKnownFileType = sourcecode.swift; path = CityDetailsDto.swift; sourceTree = "<group>"; };
		6618B0D32D40C26700AA7C47 /* SelectedCityDetailView.swift */ = {isa = PBXFileReference; lastKnownFileType = sourcecode.swift; path = SelectedCityDetailView.swift; sourceTree = "<group>"; };
		6618B0D82D40C35600AA7C47 /* HomeViewModel.swift */ = {isa = PBXFileReference; lastKnownFileType = sourcecode.swift; path = HomeViewModel.swift; sourceTree = "<group>"; };
		6618B0DA2D40C41700AA7C47 /* UserConfigs.swift */ = {isa = PBXFileReference; lastKnownFileType = sourcecode.swift; path = UserConfigs.swift; sourceTree = "<group>"; };
/* End PBXFileReference section */

/* Begin PBXFrameworksBuildPhase section */
		6618B0B52D3F1B9D00AA7C47 /* Frameworks */ = {
			isa = PBXFrameworksBuildPhase;
			buildActionMask = 2147483647;
			files = (
			);
			runOnlyForDeploymentPostprocessing = 0;
		};
/* End PBXFrameworksBuildPhase section */

/* Begin PBXGroup section */
		6618B0AF2D3F1B9D00AA7C47 = {
			isa = PBXGroup;
			children = (
				6618B0BA2D3F1B9D00AA7C47 /* Nooro Weather App */,
				6618B0B92D3F1B9D00AA7C47 /* Products */,
			);
			sourceTree = "<group>";
		};
		6618B0B92D3F1B9D00AA7C47 /* Products */ = {
			isa = PBXGroup;
			children = (
				6618B0B82D3F1B9D00AA7C47 /* Nooro Weather App.app */,
			);
			name = Products;
			sourceTree = "<group>";
		};
		6618B0BA2D3F1B9D00AA7C47 /* Nooro Weather App */ = {
			isa = PBXGroup;
			children = (
				6618B0D72D40C33900AA7C47 /* ViewModels */,
				6618B0D62D40C32B00AA7C47 /* Dto */,
				6618B0D52D40C30500AA7C47 /* Views */,
				6618B0BB2D3F1B9D00AA7C47 /* Nooro_Weather_AppApp.swift */,
				6618B0BF2D3F1BA400AA7C47 /* Assets.xcassets */,
				6618B0C12D3F1BA400AA7C47 /* Preview Content */,
				6618B0C92D3F57D200AA7C47 /* Constants.swift */,
				6618B0CB2D3F591E00AA7C47 /* APIService.swift */,
				6618B0DA2D40C41700AA7C47 /* UserConfigs.swift */,
			);
			path = "Nooro Weather App";
			sourceTree = "<group>";
		};
		6618B0C12D3F1BA400AA7C47 /* Preview Content */ = {
			isa = PBXGroup;
			children = (
				6618B0C22D3F1BA400AA7C47 /* Preview Assets.xcassets */,
			);
			path = "Preview Content";
			sourceTree = "<group>";
		};
		6618B0D52D40C30500AA7C47 /* Views */ = {
			isa = PBXGroup;
			children = (
				6618B0BD2D3F1B9D00AA7C47 /* HomeView.swift */,
				6618B0CF2D3FFA9500AA7C47 /* CitySearchResultView.swift */,
				6618B0D32D40C26700AA7C47 /* SelectedCityDetailView.swift */,
			);
			path = Views;
			sourceTree = "<group>";
		};
		6618B0D62D40C32B00AA7C47 /* Dto */ = {
			isa = PBXGroup;
			children = (
				6618B0CD2D3F5F2700AA7C47 /* CityDto.swift */,
				6618B0D12D40279600AA7C47 /* CityDetailsDto.swift */,
			);
			path = Dto;
			sourceTree = "<group>";
		};
		6618B0D72D40C33900AA7C47 /* ViewModels */ = {
			isa = PBXGroup;
			children = (
				6618B0D82D40C35600AA7C47 /* HomeViewModel.swift */,
			);
			path = ViewModels;
			sourceTree = "<group>";
		};
/* End PBXGroup section */

/* Begin PBXNativeTarget section */
		6618B0B72D3F1B9D00AA7C47 /* Nooro Weather App */ = {
			isa = PBXNativeTarget;
			buildConfigurationList = 6618B0C62D3F1BA400AA7C47 /* Build configuration list for PBXNativeTarget "Nooro Weather App" */;
			buildPhases = (
				6618B0B42D3F1B9D00AA7C47 /* Sources */,
				6618B0B52D3F1B9D00AA7C47 /* Frameworks */,
				6618B0B62D3F1B9D00AA7C47 /* Resources */,
			);
			buildRules = (
			);
			dependencies = (
			);
			name = "Nooro Weather App";
			productName = "Nooro Weather App";
			productReference = 6618B0B82D3F1B9D00AA7C47 /* Nooro Weather App.app */;
			productType = "com.apple.product-type.application";
		};
/* End PBXNativeTarget section */

/* Begin PBXProject section */
		6618B0B02D3F1B9D00AA7C47 /* Project object */ = {
			isa = PBXProject;
			attributes = {
				BuildIndependentTargetsInParallel = 1;
				LastSwiftUpdateCheck = 1540;
				LastUpgradeCheck = 1540;
				TargetAttributes = {
					6618B0B72D3F1B9D00AA7C47 = {
						CreatedOnToolsVersion = 15.4;
					};
				};
			};
			buildConfigurationList = 6618B0B32D3F1B9D00AA7C47 /* Build configuration list for PBXProject "Nooro Weather App" */;
			compatibilityVersion = "Xcode 14.0";
			developmentRegion = en;
			hasScannedForEncodings = 0;
			knownRegions = (
				en,
				Base,
			);
			mainGroup = 6618B0AF2D3F1B9D00AA7C47;
			productRefGroup = 6618B0B92D3F1B9D00AA7C47 /* Products */;
			projectDirPath = "";
			projectRoot = "";
			targets = (
				6618B0B72D3F1B9D00AA7C47 /* Nooro Weather App */,
			);
		};
/* End PBXProject section */

/* Begin PBXResourcesBuildPhase section */
		6618B0B62D3F1B9D00AA7C47 /* Resources */ = {
			isa = PBXResourcesBuildPhase;
			buildActionMask = 2147483647;
			files = (
				6618B0C32D3F1BA400AA7C47 /* Preview Assets.xcassets in Resources */,
				6618B0C02D3F1BA400AA7C47 /* Assets.xcassets in Resources */,
			);
			runOnlyForDeploymentPostprocessing = 0;
		};
/* End PBXResourcesBuildPhase section */

/* Begin PBXSourcesBuildPhase section */
		6618B0B42D3F1B9D00AA7C47 /* Sources */ = {
			isa = PBXSourcesBuildPhase;
			buildActionMask = 2147483647;
			files = (
				6618B0D02D3FFA9500AA7C47 /* CitySearchResultView.swift in Sources */,
				6618B0D92D40C35600AA7C47 /* HomeViewModel.swift in Sources */,
				6618B0DB2D40C41700AA7C47 /* UserConfigs.swift in Sources */,
				6618B0BE2D3F1B9D00AA7C47 /* HomeView.swift in Sources */,
				6618B0BC2D3F1B9D00AA7C47 /* Nooro_Weather_AppApp.swift in Sources */,
				6618B0D22D40279600AA7C47 /* CityDetailsDto.swift in Sources */,
				6618B0CC2D3F591E00AA7C47 /* APIService.swift in Sources */,
				6618B0CE2D3F5F2700AA7C47 /* CityDto.swift in Sources */,
				6618B0CA2D3F57D200AA7C47 /* Constants.swift in Sources */,
				6618B0D42D40C26700AA7C47 /* SelectedCityDetailView.swift in Sources */,
			);
			runOnlyForDeploymentPostprocessing = 0;
		};
/* End PBXSourcesBuildPhase section */

/* Begin XCBuildConfiguration section */
		6618B0C42D3F1BA400AA7C47 /* Debug */ = {
			isa = XCBuildConfiguration;
			buildSettings = {
				ALWAYS_SEARCH_USER_PATHS = NO;
				ASSETCATALOG_COMPILER_GENERATE_SWIFT_ASSET_SYMBOL_EXTENSIONS = YES;
				CLANG_ANALYZER_NONNULL = YES;
				CLANG_ANALYZER_NUMBER_OBJECT_CONVERSION = YES_AGGRESSIVE;
				CLANG_CXX_LANGUAGE_STANDARD = "gnu++20";
				CLANG_ENABLE_MODULES = YES;
				CLANG_ENABLE_OBJC_ARC = YES;
				CLANG_ENABLE_OBJC_WEAK = YES;
				CLANG_WARN_BLOCK_CAPTURE_AUTORELEASING = YES;
				CLANG_WARN_BOOL_CONVERSION = YES;
				CLANG_WARN_COMMA = YES;
				CLANG_WARN_CONSTANT_CONVERSION = YES;
				CLANG_WARN_DEPRECATED_OBJC_IMPLEMENTATIONS = YES;
				CLANG_WARN_DIRECT_OBJC_ISA_USAGE = YES_ERROR;
				CLANG_WARN_DOCUMENTATION_COMMENTS = YES;
				CLANG_WARN_EMPTY_BODY = YES;
				CLANG_WARN_ENUM_CONVERSION = YES;
				CLANG_WARN_INFINITE_RECURSION = YES;
				CLANG_WARN_INT_CONVERSION = YES;
				CLANG_WARN_NON_LITERAL_NULL_CONVERSION = YES;
				CLANG_WARN_OBJC_IMPLICIT_RETAIN_SELF = YES;
				CLANG_WARN_OBJC_LITERAL_CONVERSION = YES;
				CLANG_WARN_OBJC_ROOT_CLASS = YES_ERROR;
				CLANG_WARN_QUOTED_INCLUDE_IN_FRAMEWORK_HEADER = YES;
				CLANG_WARN_RANGE_LOOP_ANALYSIS = YES;
				CLANG_WARN_STRICT_PROTOTYPES = YES;
				CLANG_WARN_SUSPICIOUS_MOVE = YES;
				CLANG_WARN_UNGUARDED_AVAILABILITY = YES_AGGRESSIVE;
				CLANG_WARN_UNREACHABLE_CODE = YES;
				CLANG_WARN__DUPLICATE_METHOD_MATCH = YES;
				COPY_PHASE_STRIP = NO;
				DEBUG_INFORMATION_FORMAT = dwarf;
				ENABLE_STRICT_OBJC_MSGSEND = YES;
				ENABLE_TESTABILITY = YES;
				ENABLE_USER_SCRIPT_SANDBOXING = YES;
				GCC_C_LANGUAGE_STANDARD = gnu17;
				GCC_DYNAMIC_NO_PIC = NO;
				GCC_NO_COMMON_BLOCKS = YES;
				GCC_OPTIMIZATION_LEVEL = 0;
				GCC_PREPROCESSOR_DEFINITIONS = (
					"DEBUG=1",
					"$(inherited)",
				);
				GCC_WARN_64_TO_32_BIT_CONVERSION = YES;
				GCC_WARN_ABOUT_RETURN_TYPE = YES_ERROR;
				GCC_WARN_UNDECLARED_SELECTOR = YES;
				GCC_WARN_UNINITIALIZED_AUTOS = YES_AGGRESSIVE;
				GCC_WARN_UNUSED_FUNCTION = YES;
				GCC_WARN_UNUSED_VARIABLE = YES;
				IPHONEOS_DEPLOYMENT_TARGET = 17.5;
				LOCALIZATION_PREFERS_STRING_CATALOGS = YES;
				MTL_ENABLE_DEBUG_INFO = INCLUDE_SOURCE;
				MTL_FAST_MATH = YES;
				ONLY_ACTIVE_ARCH = YES;
				SDKROOT = iphoneos;
				SWIFT_ACTIVE_COMPILATION_CONDITIONS = "DEBUG $(inherited)";
				SWIFT_OPTIMIZATION_LEVEL = "-Onone";
			};
			name = Debug;
		};
		6618B0C52D3F1BA400AA7C47 /* Release */ = {
			isa = XCBuildConfiguration;
			buildSettings = {
				ALWAYS_SEARCH_USER_PATHS = NO;
				ASSETCATALOG_COMPILER_GENERATE_SWIFT_ASSET_SYMBOL_EXTENSIONS = YES;
				CLANG_ANALYZER_NONNULL = YES;
				CLANG_ANALYZER_NUMBER_OBJECT_CONVERSION = YES_AGGRESSIVE;
				CLANG_CXX_LANGUAGE_STANDARD = "gnu++20";
				CLANG_ENABLE_MODULES = YES;
				CLANG_ENABLE_OBJC_ARC = YES;
				CLANG_ENABLE_OBJC_WEAK = YES;
				CLANG_WARN_BLOCK_CAPTURE_AUTORELEASING = YES;
				CLANG_WARN_BOOL_CONVERSION = YES;
				CLANG_WARN_COMMA = YES;
				CLANG_WARN_CONSTANT_CONVERSION = YES;
				CLANG_WARN_DEPRECATED_OBJC_IMPLEMENTATIONS = YES;
				CLANG_WARN_DIRECT_OBJC_ISA_USAGE = YES_ERROR;
				CLANG_WARN_DOCUMENTATION_COMMENTS = YES;
				CLANG_WARN_EMPTY_BODY = YES;
				CLANG_WARN_ENUM_CONVERSION = YES;
				CLANG_WARN_INFINITE_RECURSION = YES;
				CLANG_WARN_INT_CONVERSION = YES;
				CLANG_WARN_NON_LITERAL_NULL_CONVERSION = YES;
				CLANG_WARN_OBJC_IMPLICIT_RETAIN_SELF = YES;
				CLANG_WARN_OBJC_LITERAL_CONVERSION = YES;
				CLANG_WARN_OBJC_ROOT_CLASS = YES_ERROR;
				CLANG_WARN_QUOTED_INCLUDE_IN_FRAMEWORK_HEADER = YES;
				CLANG_WARN_RANGE_LOOP_ANALYSIS = YES;
				CLANG_WARN_STRICT_PROTOTYPES = YES;
				CLANG_WARN_SUSPICIOUS_MOVE = YES;
				CLANG_WARN_UNGUARDED_AVAILABILITY = YES_AGGRESSIVE;
				CLANG_WARN_UNREACHABLE_CODE = YES;
				CLANG_WARN__DUPLICATE_METHOD_MATCH = YES;
				COPY_PHASE_STRIP = NO;
				DEBUG_INFORMATION_FORMAT = "dwarf-with-dsym";
				ENABLE_NS_ASSERTIONS = NO;
				ENABLE_STRICT_OBJC_MSGSEND = YES;
				ENABLE_USER_SCRIPT_SANDBOXING = YES;
				GCC_C_LANGUAGE_STANDARD = gnu17;
				GCC_NO_COMMON_BLOCKS = YES;
				GCC_WARN_64_TO_32_BIT_CONVERSION = YES;
				GCC_WARN_ABOUT_RETURN_TYPE = YES_ERROR;
				GCC_WARN_UNDECLARED_SELECTOR = YES;
				GCC_WARN_UNINITIALIZED_AUTOS = YES_AGGRESSIVE;
				GCC_WARN_UNUSED_FUNCTION = YES;
				GCC_WARN_UNUSED_VARIABLE = YES;
				IPHONEOS_DEPLOYMENT_TARGET = 17.5;
				LOCALIZATION_PREFERS_STRING_CATALOGS = YES;
				MTL_ENABLE_DEBUG_INFO = NO;
				MTL_FAST_MATH = YES;
				SDKROOT = iphoneos;
				SWIFT_COMPILATION_MODE = wholemodule;
				VALIDATE_PRODUCT = YES;
			};
			name = Release;
		};
		6618B0C72D3F1BA400AA7C47 /* Debug */ = {
			isa = XCBuildConfiguration;
			buildSettings = {
				ASSETCATALOG_COMPILER_APPICON_NAME = AppIcon;
				ASSETCATALOG_COMPILER_GLOBAL_ACCENT_COLOR_NAME = AccentColor;
				CODE_SIGN_STYLE = Automatic;
				CURRENT_PROJECT_VERSION = 1;
				DEVELOPMENT_ASSET_PATHS = "\"Nooro Weather App/Preview Content\"";
				DEVELOPMENT_TEAM = 96693WXB8G;
				ENABLE_PREVIEWS = YES;
				GENERATE_INFOPLIST_FILE = YES;
				INFOPLIST_KEY_UIApplicationSceneManifest_Generation = YES;
				INFOPLIST_KEY_UIApplicationSupportsIndirectInputEvents = YES;
				INFOPLIST_KEY_UILaunchScreen_Generation = YES;
				INFOPLIST_KEY_UISupportedInterfaceOrientations_iPad = "UIInterfaceOrientationPortrait UIInterfaceOrientationPortraitUpsideDown UIInterfaceOrientationLandscapeLeft UIInterfaceOrientationLandscapeRight";
				INFOPLIST_KEY_UISupportedInterfaceOrientations_iPhone = "UIInterfaceOrientationPortrait UIInterfaceOrientationLandscapeLeft UIInterfaceOrientationLandscapeRight";
				LD_RUNPATH_SEARCH_PATHS = (
					"$(inherited)",
					"@executable_path/Frameworks",
				);
				MARKETING_VERSION = 1.0;
				PRODUCT_BUNDLE_IDENTIFIER = "com.WJ.Nooro-Weather-App";
				PRODUCT_NAME = "$(TARGET_NAME)";
				SWIFT_EMIT_LOC_STRINGS = YES;
				SWIFT_VERSION = 5.0;
				TARGETED_DEVICE_FAMILY = "1,2";
			};
			name = Debug;
		};
		6618B0C82D3F1BA400AA7C47 /* Release */ = {
			isa = XCBuildConfiguration;
			buildSettings = {
				ASSETCATALOG_COMPILER_APPICON_NAME = AppIcon;
				ASSETCATALOG_COMPILER_GLOBAL_ACCENT_COLOR_NAME = AccentColor;
				CODE_SIGN_STYLE = Automatic;
				CURRENT_PROJECT_VERSION = 1;
				DEVELOPMENT_ASSET_PATHS = "\"Nooro Weather App/Preview Content\"";
				DEVELOPMENT_TEAM = 96693WXB8G;
				ENABLE_PREVIEWS = YES;
				GENERATE_INFOPLIST_FILE = YES;
				INFOPLIST_KEY_UIApplicationSceneManifest_Generation = YES;
				INFOPLIST_KEY_UIApplicationSupportsIndirectInputEvents = YES;
				INFOPLIST_KEY_UILaunchScreen_Generation = YES;
				INFOPLIST_KEY_UISupportedInterfaceOrientations_iPad = "UIInterfaceOrientationPortrait UIInterfaceOrientationPortraitUpsideDown UIInterfaceOrientationLandscapeLeft UIInterfaceOrientationLandscapeRight";
				INFOPLIST_KEY_UISupportedInterfaceOrientations_iPhone = "UIInterfaceOrientationPortrait UIInterfaceOrientationLandscapeLeft UIInterfaceOrientationLandscapeRight";
				LD_RUNPATH_SEARCH_PATHS = (
					"$(inherited)",
					"@executable_path/Frameworks",
				);
				MARKETING_VERSION = 1.0;
				PRODUCT_BUNDLE_IDENTIFIER = "com.WJ.Nooro-Weather-App";
				PRODUCT_NAME = "$(TARGET_NAME)";
				SWIFT_EMIT_LOC_STRINGS = YES;
				SWIFT_VERSION = 5.0;
				TARGETED_DEVICE_FAMILY = "1,2";
			};
			name = Release;
		};
/* End XCBuildConfiguration section */

/* Begin XCConfigurationList section */
		6618B0B32D3F1B9D00AA7C47 /* Build configuration list for PBXProject "Nooro Weather App" */ = {
			isa = XCConfigurationList;
			buildConfigurations = (
				6618B0C42D3F1BA400AA7C47 /* Debug */,
				6618B0C52D3F1BA400AA7C47 /* Release */,
			);
			defaultConfigurationIsVisible = 0;
			defaultConfigurationName = Release;
		};
		6618B0C62D3F1BA400AA7C47 /* Build configuration list for PBXNativeTarget "Nooro Weather App" */ = {
			isa = XCConfigurationList;
			buildConfigurations = (
				6618B0C72D3F1BA400AA7C47 /* Debug */,
				6618B0C82D3F1BA400AA7C47 /* Release */,
			);
			defaultConfigurationIsVisible = 0;
			defaultConfigurationName = Release;
		};
/* End XCConfigurationList section */
	};
	rootObject = 6618B0B02D3F1B9D00AA7C47 /* Project object */;
}
